
Microsoft Visual Studio Solution File, Format Version 12.00
# Visual Studio Version 17
VisualStudioVersion = 17.6.33829.357
MinimumVisualStudioVersion = 10.0.40219.1
Project("{9A19103F-16F7-4668-BE54-9A1E7A4F7556}") = "Chessfifi.EndPoint", "Chessfifi.EndPoint\Chessfifi.EndPoint.csproj", "{76AE7D0F-9D5D-442D-9342-3E513A5815E8}"
EndProject
Project("{9A19103F-16F7-4668-BE54-9A1E7A4F7556}") = "Chessfifi.Domain", "Chessfifi.Domain\Chessfifi.Domain.csproj", "{A952F0B2-1F67-4F92-BE7C-0AA9B93293CE}"
EndProject
Project("{9A19103F-16F7-4668-BE54-9A1E7A4F7556}") = "Chessfifi.Infrastructure", "Chessfifi.Infrastructure\Chessfifi.Infrastructure.csproj", "{CAB8BBC8-5340-4BF9-94DC-D9837970165A}"
EndProject
Project("{9A19103F-16F7-4668-BE54-9A1E7A4F7556}") = "Chessfifi.Services", "Chessfifi.Services\Chessfifi.Services.csproj", "{6E6B5F75-2BA6-4E90-8A6E-5C50C8EC65DA}"
EndProject
Project("{9A19103F-16F7-4668-BE54-9A1E7A4F7556}") = "Chessfifi.Contracts", "Chessfifi.Contracts\Chessfifi.Contracts.csproj", "{B5C45232-7C4A-453C-9B29-9EC48E3FB04A}"
EndProject
Project("{FAE04EC0-301F-11D3-BF4B-00C04F79EFBC}") = "Chessfifi.Common", "Chessfifi.Common\Chessfifi.Common.csproj", "{933E9CF7-7022-4BC1-B9EB-BA2608175F41}"
EndProject
Global
	GlobalSection(SolutionConfigurationPlatforms) = preSolution
		Debug|Any CPU = Debug|Any CPU
		Release|Any CPU = Release|Any CPU
	EndGlobalSection
	GlobalSection(ProjectConfigurationPlatforms) = postSolution
		{76AE7D0F-9D5D-442D-9342-3E513A5815E8}.Debug|Any CPU.ActiveCfg = Debug|Any CPU
		{76AE7D0F-9D5D-442D-9342-3E513A5815E8}.Debug|Any CPU.Build.0 = Debug|Any CPU
		{76AE7D0F-9D5D-442D-9342-3E513A5815E8}.Release|Any CPU.ActiveCfg = Release|Any CPU
		{76AE7D0F-9D5D-442D-9342-3E513A5815E8}.Release|Any CPU.Build.0 = Release|Any CPU
		{A952F0B2-1F67-4F92-BE7C-0AA9B93293CE}.Debug|Any CPU.ActiveCfg = Debug|Any CPU
		{A952F0B2-1F67-4F92-BE7C-0AA9B93293CE}.Debug|Any CPU.Build.0 = Debug|Any CPU
		{A952F0B2-1F67-4F92-BE7C-0AA9B93293CE}.Release|Any CPU.ActiveCfg = Release|Any CPU
		{A952F0B2-1F67-4F92-BE7C-0AA9B93293CE}.Release|Any CPU.Build.0 = Release|Any CPU
		{CAB8BBC8-5340-4BF9-94DC-D9837970165A}.Debug|Any CPU.ActiveCfg = Debug|Any CPU
		{CAB8BBC8-5340-4BF9-94DC-D9837970165A}.Debug|Any CPU.Build.0 = Debug|Any CPU
		{CAB8BBC8-5340-4BF9-94DC-D9837970165A}.Release|Any CPU.ActiveCfg = Release|Any CPU
		{CAB8BBC8-5340-4BF9-94DC-D9837970165A}.Release|Any CPU.Build.0 = Release|Any CPU
		{6E6B5F75-2BA6-4E90-8A6E-5C50C8EC65DA}.Debug|Any CPU.ActiveCfg = Debug|Any CPU
		{6E6B5F75-2BA6-4E90-8A6E-5C50C8EC65DA}.Debug|Any CPU.Build.0 = Debug|Any CPU
		{6E6B5F75-2BA6-4E90-8A6E-5C50C8EC65DA}.Release|Any CPU.ActiveCfg = Release|Any CPU
		{6E6B5F75-2BA6-4E90-8A6E-5C50C8EC65DA}.Release|Any CPU.Build.0 = Release|Any CPU
		{B5C45232-7C4A-453C-9B29-9EC48E3FB04A}.Debug|Any CPU.ActiveCfg = Debug|Any CPU
		{B5C45232-7C4A-453C-9B29-9EC48E3FB04A}.Debug|Any CPU.Build.0 = Debug|Any CPU
		{B5C45232-7C4A-453C-9B29-9EC48E3FB04A}.Release|Any CPU.ActiveCfg = Release|Any CPU
		{B5C45232-7C4A-453C-9B29-9EC48E3FB04A}.Release|Any CPU.Build.0 = Release|Any CPU
		{933E9CF7-7022-4BC1-B9EB-BA2608175F41}.Debug|Any CPU.ActiveCfg = Debug|Any CPU
		{933E9CF7-7022-4BC1-B9EB-BA2608175F41}.Debug|Any CPU.Build.0 = Debug|Any CPU
		{933E9CF7-7022-4BC1-B9EB-BA2608175F41}.Release|Any CPU.ActiveCfg = Release|Any CPU
		{933E9CF7-7022-4BC1-B9EB-BA2608175F41}.Release|Any CPU.Build.0 = Release|Any CPU
	EndGlobalSection
	GlobalSection(SolutionProperties) = preSolution
		HideSolutionNode = FALSE
	EndGlobalSection
	GlobalSection(ExtensibilityGlobals) = postSolution
		SolutionGuid = {E8B5E9ED-5A6F-43E3-A31E-C8C644ECFA90}
	EndGlobalSection
EndGlobal
